
Microsoft Visual Studio Solution File, Format Version 12.00
# Visual Studio Version 16
VisualStudioVersion = 16.0.30907.101
MinimumVisualStudioVersion = 10.0.40219.1
Project("{8BC9CEB8-8B4A-11D0-8D11-00A0C91BC942}") = "HelloGL", "HelloGL.vcxproj", "{EE39D478-A6D9-489A-BCB3-815F7DFC563B}"
EndProject
Global
	GlobalSection(SolutionConfigurationPlatforms) = preSolution
		Debug|x64 = Debug|x64
		Debug|x86 = Debug|x86
		Release|x64 = Release|x64
		Release|x86 = Release|x86
	EndGlobalSection
	GlobalSection(ProjectConfigurationPlatforms) = postSolution
		{EE39D478-A6D9-489A-BCB3-815F7DFC563B}.Debug|x64.ActiveCfg = Debug|x64
		{EE39D478-A6D9-489A-BCB3-815F7DFC563B}.Debug|x64.Build.0 = Debug|x64
		{EE39D478-A6D9-489A-BCB3-815F7DFC563B}.Debug|x86.ActiveCfg = Debug|Win32
		{EE39D478-A6D9-489A-BCB3-815F7DFC563B}.Debug|x86.Build.0 = Debug|Win32
		{EE39D478-A6D9-489A-BCB3-815F7DFC563B}.Release|x64.ActiveCfg = Release|x64
		{EE39D478-A6D9-489A-BCB3-815F7DFC563B}.Release|x64.Build.0 = Release|x64
		{EE39D478-A6D9-489A-BCB3-815F7DFC563B}.Release|x86.ActiveCfg = Release|Win32
		{EE39D478-A6D9-489A-BCB3-815F7DFC563B}.Release|x86.Build.0 = Release|Win32
	EndGlobalSection
	GlobalSection(SolutionProperties) = preSolution
		HideSolutionNode = FALSE
	EndGlobalSection
	GlobalSection(ExtensibilityGlobals) = postSolution
		SolutionGuid = {C96763AD-E95B-43FB-ABD0-50A64C962793}
	EndGlobalSection
EndGlobal
